
Microsoft Visual Studio Solution File, Format Version 12.00
# Visual Studio Version 17
VisualStudioVersion = 17.0.32112.339
MinimumVisualStudioVersion = 10.0.40219.1
Project("{F184B08F-C81C-45F6-A57F-5ABD9991F28F}") = "DinerMenu", "DinerMenu\DinerMenu.vbproj", "{79B2FE0E-E55C-48E9-A8E2-55CD8B34BA3E}"
EndProject
Global
	GlobalSection(SolutionConfigurationPlatforms) = preSolution
		Debug|Any CPU = Debug|Any CPU
		Release|Any CPU = Release|Any CPU
	EndGlobalSection
	GlobalSection(ProjectConfigurationPlatforms) = postSolution
		{79B2FE0E-E55C-48E9-A8E2-55CD8B34BA3E}.Debug|Any CPU.ActiveCfg = Debug|Any CPU
		{79B2FE0E-E55C-48E9-A8E2-55CD8B34BA3E}.Debug|Any CPU.Build.0 = Debug|Any CPU
		{79B2FE0E-E55C-48E9-A8E2-55CD8B34BA3E}.Release|Any CPU.ActiveCfg = Release|Any CPU
		{79B2FE0E-E55C-48E9-A8E2-55CD8B34BA3E}.Release|Any CPU.Build.0 = Release|Any CPU
	EndGlobalSection
	GlobalSection(SolutionProperties) = preSolution
		HideSolutionNode = FALSE
	EndGlobalSection
	GlobalSection(ExtensibilityGlobals) = postSolution
		SolutionGuid = {AC55F044-FB5D-4A98-B486-50DD7DC01179}
	EndGlobalSection
EndGlobal
